// !$*UTF8*$!
{
	archiveVersion = 1;
	classes = {
	};
	objectVersion = 50;
	objects = {

/* Begin PBXBuildFile section */
		E00E09912670D1EE00C43AF1 /* TDStretch.cpp in Sources */ = {isa = PBXBuildFile; fileRef = E00E09482670D1EE00C43AF1 /* TDStretch.cpp */; };
		E00E09922670D1EE00C43AF1 /* RateTransposer.cpp in Sources */ = {isa = PBXBuildFile; fileRef = E00E094A2670D1EE00C43AF1 /* RateTransposer.cpp */; };
		E00E09932670D1EE00C43AF1 /* BPMDetect.cpp in Sources */ = {isa = PBXBuildFile; fileRef = E00E094D2670D1EE00C43AF1 /* BPMDetect.cpp */; };
		E00E09942670D1EE00C43AF1 /* mmx_optimized.cpp in Sources */ = {isa = PBXBuildFile; fileRef = E00E094F2670D1EE00C43AF1 /* mmx_optimized.cpp */; };
		E00E09952670D1EE00C43AF1 /* FIRFilter.cpp in Sources */ = {isa = PBXBuildFile; fileRef = E00E09512670D1EE00C43AF1 /* FIRFilter.cpp */; };
		E00E09962670D1EE00C43AF1 /* FIFOSampleBuffer.cpp in Sources */ = {isa = PBXBuildFile; fileRef = E00E09552670D1EE00C43AF1 /* FIFOSampleBuffer.cpp */; };
		E00E09972670D1EE00C43AF1 /* sse_optimized.cpp in Sources */ = {isa = PBXBuildFile; fileRef = E00E09562670D1EE00C43AF1 /* sse_optimized.cpp */; };
		E00E09982670D1EE00C43AF1 /* cpu_detect_x86.cpp in Sources */ = {isa = PBXBuildFile; fileRef = E00E09582670D1EE00C43AF1 /* cpu_detect_x86.cpp */; };
		E00E09992670D1EE00C43AF1 /* PeakFinder.cpp in Sources */ = {isa = PBXBuildFile; fileRef = E00E095A2670D1EE00C43AF1 /* PeakFinder.cpp */; };
		E00E099A2670D1EE00C43AF1 /* AAFilter.cpp in Sources */ = {isa = PBXBuildFile; fileRef = E00E095D2670D1EE00C43AF1 /* AAFilter.cpp */; };
		E00E099B2670D1EE00C43AF1 /* SoundTouch.cpp in Sources */ = {isa = PBXBuildFile; fileRef = E00E095E2670D1EE00C43AF1 /* SoundTouch.cpp */; };
		E00E099C2670D1EE00C43AF1 /* AudioDecodeOperation.mm in Sources */ = {isa = PBXBuildFile; fileRef = E00E09622670D1EE00C43AF1 /* AudioDecodeOperation.mm */; };
		E00E099D2670D1EE00C43AF1 /* CAXException.cpp in Sources */ = {isa = PBXBuildFile; fileRef = E00E09652670D1EE00C43AF1 /* CAXException.cpp */; };
		E00E099E2670D1EE00C43AF1 /* CADebugPrintf.cpp in Sources */ = {isa = PBXBuildFile; fileRef = E00E09682670D1EE00C43AF1 /* CADebugPrintf.cpp */; };
		E00E099F2670D1EE00C43AF1 /* CAStreamBasicDescription.cpp in Sources */ = {isa = PBXBuildFile; fileRef = E00E09692670D1EE00C43AF1 /* CAStreamBasicDescription.cpp */; };
		E00E09A02670D1EE00C43AF1 /* CADebugger.cpp in Sources */ = {isa = PBXBuildFile; fileRef = E00E096A2670D1EE00C43AF1 /* CADebugger.cpp */; };
		E00E09A12670D1EE00C43AF1 /* AudioConvert.mm in Sources */ = {isa = PBXBuildFile; fileRef = E00E09722670D1EE00C43AF1 /* AudioConvert.mm */; };
		E00E09A22670D1EE00C43AF1 /* AudioSoundTouchOperation.mm in Sources */ = {isa = PBXBuildFile; fileRef = E00E09742670D1EE00C43AF1 /* AudioSoundTouchOperation.mm */; };
		E00E09A32670D1EE00C43AF1 /* WaveHeader.cpp in Sources */ = {isa = PBXBuildFile; fileRef = E00E09772670D1EE00C43AF1 /* WaveHeader.cpp */; };
		E00E09A42670D1EE00C43AF1 /* XYWAudioFileSoundChanger.m in Sources */ = {isa = PBXBuildFile; fileRef = E00E09782670D1EE00C43AF1 /* XYWAudioFileSoundChanger.m */; };
		E00E09A52670D1EE00C43AF1 /* libmp3lame.a in Frameworks */ = {isa = PBXBuildFile; fileRef = E00E097C2670D1EE00C43AF1 /* libmp3lame.a */; };
		E00E09A62670D1EE00C43AF1 /* AudioEncodeOperation.m in Sources */ = {isa = PBXBuildFile; fileRef = E00E097F2670D1EE00C43AF1 /* AudioEncodeOperation.m */; };
		E00E09A72670D1EE00C43AF1 /* libopencore-amrwb.a in Frameworks */ = {isa = PBXBuildFile; fileRef = E00E09852670D1EE00C43AF1 /* libopencore-amrwb.a */; };
		E00E09A82670D1EE00C43AF1 /* libopencore-amrnb.a in Frameworks */ = {isa = PBXBuildFile; fileRef = E00E09862670D1EE00C43AF1 /* libopencore-amrnb.a */; };
		E00E09A92670D1EE00C43AF1 /* wav.mm in Sources */ = {isa = PBXBuildFile; fileRef = E00E098B2670D1EE00C43AF1 /* wav.mm */; };
		E00E09AA2670D1EE00C43AF1 /* amrFileCodec.mm in Sources */ = {isa = PBXBuildFile; fileRef = E00E098C2670D1EE00C43AF1 /* amrFileCodec.mm */; };
		E00E09AB2670D1EE00C43AF1 /* XYWVideoFileSoundChanger.m in Sources */ = {isa = PBXBuildFile; fileRef = E00E098F2670D1EE00C43AF1 /* XYWVideoFileSoundChanger.m */; };
		E00E09AC2670D1EE00C43AF1 /* XYWAudioBufferSoundChanger.mm in Sources */ = {isa = PBXBuildFile; fileRef = E00E09902670D1EE00C43AF1 /* XYWAudioBufferSoundChanger.mm */; };
		E0331118266E230E005613A9 /* AppDelegate.swift in Sources */ = {isa = PBXBuildFile; fileRef = E0331117266E230E005613A9 /* AppDelegate.swift */; };
		E033111A266E230E005613A9 /* SceneDelegate.swift in Sources */ = {isa = PBXBuildFile; fileRef = E0331119266E230E005613A9 /* SceneDelegate.swift */; };
		E033111C266E230E005613A9 /* ViewController.swift in Sources */ = {isa = PBXBuildFile; fileRef = E033111B266E230E005613A9 /* ViewController.swift */; };
		E033111F266E230E005613A9 /* Main.storyboard in Resources */ = {isa = PBXBuildFile; fileRef = E033111D266E230E005613A9 /* Main.storyboard */; };
		E0331121266E230F005613A9 /* Assets.xcassets in Resources */ = {isa = PBXBuildFile; fileRef = E0331120266E230F005613A9 /* Assets.xcassets */; };
		E0331124266E230F005613A9 /* LaunchScreen.storyboard in Resources */ = {isa = PBXBuildFile; fileRef = E0331122266E230F005613A9 /* LaunchScreen.storyboard */; };
		E033167D266F129E005613A9 /* AudioSoundChanger.swift in Sources */ = {isa = PBXBuildFile; fileRef = E033167C266F129E005613A9 /* AudioSoundChanger.swift */; };
		E0331AFF266F44E0005613A9 /* 123.m4a in Resources */ = {isa = PBXBuildFile; fileRef = E0331AFE266F44E0005613A9 /* 123.m4a */; };
/* End PBXBuildFile section */

/* Begin PBXFileReference section */
		E00E09482670D1EE00C43AF1 /* TDStretch.cpp */ = {isa = PBXFileReference; fileEncoding = 4; lastKnownFileType = sourcecode.cpp.cpp; path = TDStretch.cpp; sourceTree = "<group>"; };
		E00E09492670D1EE00C43AF1 /* FIFOSampleBuffer.h */ = {isa = PBXFileReference; fileEncoding = 4; lastKnownFileType = sourcecode.c.h; path = FIFOSampleBuffer.h; sourceTree = "<group>"; };
		E00E094A2670D1EE00C43AF1 /* RateTransposer.cpp */ = {isa = PBXFileReference; fileEncoding = 4; lastKnownFileType = sourcecode.cpp.cpp; path = RateTransposer.cpp; sourceTree = "<group>"; };
		E00E094B2670D1EE00C43AF1 /* FIRFilter.h */ = {isa = PBXFileReference; fileEncoding = 4; lastKnownFileType = sourcecode.c.h; path = FIRFilter.h; sourceTree = "<group>"; };
		E00E094C2670D1EE00C43AF1 /* STTypes.h */ = {isa = PBXFileReference; fileEncoding = 4; lastKnownFileType = sourcecode.c.h; path = STTypes.h; sourceTree = "<group>"; };
		E00E094D2670D1EE00C43AF1 /* BPMDetect.cpp */ = {isa = PBXFileReference; fileEncoding = 4; lastKnownFileType = sourcecode.cpp.cpp; path = BPMDetect.cpp; sourceTree = "<group>"; };
		E00E094E2670D1EE00C43AF1 /* BPMDetect.h */ = {isa = PBXFileReference; fileEncoding = 4; lastKnownFileType = sourcecode.c.h; path = BPMDetect.h; sourceTree = "<group>"; };
		E00E094F2670D1EE00C43AF1 /* mmx_optimized.cpp */ = {isa = PBXFileReference; fileEncoding = 4; lastKnownFileType = sourcecode.cpp.cpp; path = mmx_optimized.cpp; sourceTree = "<group>"; };
		E00E09502670D1EE00C43AF1 /* PeakFinder.h */ = {isa = PBXFileReference; fileEncoding = 4; lastKnownFileType = sourcecode.c.h; path = PeakFinder.h; sourceTree = "<group>"; };
		E00E09512670D1EE00C43AF1 /* FIRFilter.cpp */ = {isa = PBXFileReference; fileEncoding = 4; lastKnownFileType = sourcecode.cpp.cpp; path = FIRFilter.cpp; sourceTree = "<group>"; };
		E00E09522670D1EE00C43AF1 /* SoundTouch.h */ = {isa = PBXFileReference; fileEncoding = 4; lastKnownFileType = sourcecode.c.h; path = SoundTouch.h; sourceTree = "<group>"; };
		E00E09532670D1EE00C43AF1 /* soundtouch_config.h */ = {isa = PBXFileReference; fileEncoding = 4; lastKnownFileType = sourcecode.c.h; path = soundtouch_config.h; sourceTree = "<group>"; };
		E00E09542670D1EE00C43AF1 /* FIFOSamplePipe.h */ = {isa = PBXFileReference; fileEncoding = 4; lastKnownFileType = sourcecode.c.h; path = FIFOSamplePipe.h; sourceTree = "<group>"; };
		E00E09552670D1EE00C43AF1 /* FIFOSampleBuffer.cpp */ = {isa = PBXFileReference; fileEncoding = 4; lastKnownFileType = sourcecode.cpp.cpp; path = FIFOSampleBuffer.cpp; sourceTree = "<group>"; };
		E00E09562670D1EE00C43AF1 /* sse_optimized.cpp */ = {isa = PBXFileReference; fileEncoding = 4; lastKnownFileType = sourcecode.cpp.cpp; path = sse_optimized.cpp; sourceTree = "<group>"; };
		E00E09572670D1EE00C43AF1 /* AAFilter.h */ = {isa = PBXFileReference; fileEncoding = 4; lastKnownFileType = sourcecode.c.h; path = AAFilter.h; sourceTree = "<group>"; };
		E00E09582670D1EE00C43AF1 /* cpu_detect_x86.cpp */ = {isa = PBXFileReference; fileEncoding = 4; lastKnownFileType = sourcecode.cpp.cpp; path = cpu_detect_x86.cpp; sourceTree = "<group>"; };
		E00E09592670D1EE00C43AF1 /* RateTransposer.h */ = {isa = PBXFileReference; fileEncoding = 4; lastKnownFileType = sourcecode.c.h; path = RateTransposer.h; sourceTree = "<group>"; };
		E00E095A2670D1EE00C43AF1 /* PeakFinder.cpp */ = {isa = PBXFileReference; fileEncoding = 4; lastKnownFileType = sourcecode.cpp.cpp; path = PeakFinder.cpp; sourceTree = "<group>"; };
		E00E095B2670D1EE00C43AF1 /* TDStretch.h */ = {isa = PBXFileReference; fileEncoding = 4; lastKnownFileType = sourcecode.c.h; path = TDStretch.h; sourceTree = "<group>"; };
		E00E095C2670D1EE00C43AF1 /* cpu_detect.h */ = {isa = PBXFileReference; fileEncoding = 4; lastKnownFileType = sourcecode.c.h; path = cpu_detect.h; sourceTree = "<group>"; };
		E00E095D2670D1EE00C43AF1 /* AAFilter.cpp */ = {isa = PBXFileReference; fileEncoding = 4; lastKnownFileType = sourcecode.cpp.cpp; path = AAFilter.cpp; sourceTree = "<group>"; };
		E00E095E2670D1EE00C43AF1 /* SoundTouch.cpp */ = {isa = PBXFileReference; fileEncoding = 4; lastKnownFileType = sourcecode.cpp.cpp; path = SoundTouch.cpp; sourceTree = "<group>"; };
		E00E09602670D1EE00C43AF1 /* CADebugger.h */ = {isa = PBXFileReference; fileEncoding = 4; lastKnownFileType = sourcecode.c.h; path = CADebugger.h; sourceTree = "<group>"; };
		E00E09612670D1EE00C43AF1 /* CAStreamBasicDescription.h */ = {isa = PBXFileReference; fileEncoding = 4; lastKnownFileType = sourcecode.c.h; path = CAStreamBasicDescription.h; sourceTree = "<group>"; };
		E00E09622670D1EE00C43AF1 /* AudioDecodeOperation.mm */ = {isa = PBXFileReference; fileEncoding = 4; lastKnownFileType = sourcecode.cpp.objcpp; path = AudioDecodeOperation.mm; sourceTree = "<group>"; };
		E00E09632670D1EE00C43AF1 /* AudioDecodeOperation.h */ = {isa = PBXFileReference; fileEncoding = 4; lastKnownFileType = sourcecode.c.h; path = AudioDecodeOperation.h; sourceTree = "<group>"; };
		E00E09642670D1EE00C43AF1 /* CADebugPrintf.h */ = {isa = PBXFileReference; fileEncoding = 4; lastKnownFileType = sourcecode.c.h; path = CADebugPrintf.h; sourceTree = "<group>"; };
		E00E09652670D1EE00C43AF1 /* CAXException.cpp */ = {isa = PBXFileReference; fileEncoding = 4; lastKnownFileType = sourcecode.cpp.cpp; path = CAXException.cpp; sourceTree = "<group>"; };
		E00E09662670D1EE00C43AF1 /* CAXException.h */ = {isa = PBXFileReference; fileEncoding = 4; lastKnownFileType = sourcecode.c.h; path = CAXException.h; sourceTree = "<group>"; };
		E00E09672670D1EE00C43AF1 /* CADebugMacros.h */ = {isa = PBXFileReference; fileEncoding = 4; lastKnownFileType = sourcecode.c.h; path = CADebugMacros.h; sourceTree = "<group>"; };
		E00E09682670D1EE00C43AF1 /* CADebugPrintf.cpp */ = {isa = PBXFileReference; fileEncoding = 4; lastKnownFileType = sourcecode.cpp.cpp; path = CADebugPrintf.cpp; sourceTree = "<group>"; };
		E00E09692670D1EE00C43AF1 /* CAStreamBasicDescription.cpp */ = {isa = PBXFileReference; fileEncoding = 4; lastKnownFileType = sourcecode.cpp.cpp; path = CAStreamBasicDescription.cpp; sourceTree = "<group>"; };
		E00E096A2670D1EE00C43AF1 /* CADebugger.cpp */ = {isa = PBXFileReference; fileEncoding = 4; lastKnownFileType = sourcecode.cpp.cpp; path = CADebugger.cpp; sourceTree = "<group>"; };
		E00E096B2670D1EE00C43AF1 /* CAMath.h */ = {isa = PBXFileReference; fileEncoding = 4; lastKnownFileType = sourcecode.c.h; path = CAMath.h; sourceTree = "<group>"; };
		E00E096C2670D1EE00C43AF1 /* XYWAudioBufferSoundChanger.h */ = {isa = PBXFileReference; fileEncoding = 4; lastKnownFileType = sourcecode.c.h; path = XYWAudioBufferSoundChanger.h; sourceTree = "<group>"; };
		E00E096D2670D1EE00C43AF1 /* XYWVideoFileSoundChanger.h */ = {isa = PBXFileReference; fileEncoding = 4; lastKnownFileType = sourcecode.c.h; path = XYWVideoFileSoundChanger.h; sourceTree = "<group>"; };
		E00E096E2670D1EE00C43AF1 /* XYWAudioFileSoundChanger.h */ = {isa = PBXFileReference; fileEncoding = 4; lastKnownFileType = sourcecode.c.h; path = XYWAudioFileSoundChanger.h; sourceTree = "<group>"; };
		E00E096F2670D1EE00C43AF1 /* XYWSoundChanger.h */ = {isa = PBXFileReference; fileEncoding = 4; lastKnownFileType = sourcecode.c.h; path = XYWSoundChanger.h; sourceTree = "<group>"; };
		E00E09712670D1EE00C43AF1 /* AudioDefine.h */ = {isa = PBXFileReference; fileEncoding = 4; lastKnownFileType = sourcecode.c.h; path = AudioDefine.h; sourceTree = "<group>"; };
		E00E09722670D1EE00C43AF1 /* AudioConvert.mm */ = {isa = PBXFileReference; fileEncoding = 4; lastKnownFileType = sourcecode.cpp.objcpp; path = AudioConvert.mm; sourceTree = "<group>"; };
		E00E09732670D1EE00C43AF1 /* AudioSoundTouchOperation.h */ = {isa = PBXFileReference; fileEncoding = 4; lastKnownFileType = sourcecode.c.h; path = AudioSoundTouchOperation.h; sourceTree = "<group>"; };
		E00E09742670D1EE00C43AF1 /* AudioSoundTouchOperation.mm */ = {isa = PBXFileReference; fileEncoding = 4; lastKnownFileType = sourcecode.cpp.objcpp; path = AudioSoundTouchOperation.mm; sourceTree = "<group>"; };
		E00E09752670D1EE00C43AF1 /* AudioConvert.h */ = {isa = PBXFileReference; fileEncoding = 4; lastKnownFileType = sourcecode.c.h; path = AudioConvert.h; sourceTree = "<group>"; };
		E00E09762670D1EE00C43AF1 /* WaveHeader.h */ = {isa = PBXFileReference; fileEncoding = 4; lastKnownFileType = sourcecode.c.h; path = WaveHeader.h; sourceTree = "<group>"; };
		E00E09772670D1EE00C43AF1 /* WaveHeader.cpp */ = {isa = PBXFileReference; fileEncoding = 4; lastKnownFileType = sourcecode.cpp.cpp; path = WaveHeader.cpp; sourceTree = "<group>"; };
		E00E09782670D1EE00C43AF1 /* XYWAudioFileSoundChanger.m */ = {isa = PBXFileReference; fileEncoding = 4; lastKnownFileType = sourcecode.c.objc; path = XYWAudioFileSoundChanger.m; sourceTree = "<group>"; };
		E00E097C2670D1EE00C43AF1 /* libmp3lame.a */ = {isa = PBXFileReference; lastKnownFileType = archive.ar; path = libmp3lame.a; sourceTree = "<group>"; };
		E00E097D2670D1EE00C43AF1 /* lame.h */ = {isa = PBXFileReference; fileEncoding = 4; lastKnownFileType = sourcecode.c.h; path = lame.h; sourceTree = "<group>"; };
		E00E097E2670D1EE00C43AF1 /* AudioEncodeOperation.h */ = {isa = PBXFileReference; fileEncoding = 4; lastKnownFileType = sourcecode.c.h; path = AudioEncodeOperation.h; sourceTree = "<group>"; };
		E00E097F2670D1EE00C43AF1 /* AudioEncodeOperation.m */ = {isa = PBXFileReference; fileEncoding = 4; lastKnownFileType = sourcecode.c.objc; path = AudioEncodeOperation.m; sourceTree = "<group>"; };
		E00E09822670D1EE00C43AF1 /* if_rom.h */ = {isa = PBXFileReference; fileEncoding = 4; lastKnownFileType = sourcecode.c.h; path = if_rom.h; sourceTree = "<group>"; };
		E00E09832670D1EE00C43AF1 /* dec_if.h */ = {isa = PBXFileReference; fileEncoding = 4; lastKnownFileType = sourcecode.c.h; path = dec_if.h; sourceTree = "<group>"; };
		E00E09852670D1EE00C43AF1 /* libopencore-amrwb.a */ = {isa = PBXFileReference; lastKnownFileType = archive.ar; path = "libopencore-amrwb.a"; sourceTree = "<group>"; };
		E00E09862670D1EE00C43AF1 /* libopencore-amrnb.a */ = {isa = PBXFileReference; lastKnownFileType = archive.ar; path = "libopencore-amrnb.a"; sourceTree = "<group>"; };
		E00E09882670D1EE00C43AF1 /* interf_dec.h */ = {isa = PBXFileReference; fileEncoding = 4; lastKnownFileType = sourcecode.c.h; path = interf_dec.h; sourceTree = "<group>"; };
		E00E09892670D1EE00C43AF1 /* interf_enc.h */ = {isa = PBXFileReference; fileEncoding = 4; lastKnownFileType = sourcecode.c.h; path = interf_enc.h; sourceTree = "<group>"; };
		E00E098B2670D1EE00C43AF1 /* wav.mm */ = {isa = PBXFileReference; fileEncoding = 4; lastKnownFileType = sourcecode.cpp.objcpp; path = wav.mm; sourceTree = "<group>"; };
		E00E098C2670D1EE00C43AF1 /* amrFileCodec.mm */ = {isa = PBXFileReference; fileEncoding = 4; lastKnownFileType = sourcecode.cpp.objcpp; path = amrFileCodec.mm; sourceTree = "<group>"; };
		E00E098D2670D1EE00C43AF1 /* amrFileCodec.h */ = {isa = PBXFileReference; fileEncoding = 4; lastKnownFileType = sourcecode.c.h; path = amrFileCodec.h; sourceTree = "<group>"; };
		E00E098E2670D1EE00C43AF1 /* wav.h */ = {isa = PBXFileReference; fileEncoding = 4; lastKnownFileType = sourcecode.c.h; path = wav.h; sourceTree = "<group>"; };
		E00E098F2670D1EE00C43AF1 /* XYWVideoFileSoundChanger.m */ = {isa = PBXFileReference; fileEncoding = 4; lastKnownFileType = sourcecode.c.objc; path = XYWVideoFileSoundChanger.m; sourceTree = "<group>"; };
		E00E09902670D1EE00C43AF1 /* XYWAudioBufferSoundChanger.mm */ = {isa = PBXFileReference; fileEncoding = 4; lastKnownFileType = sourcecode.cpp.objcpp; path = XYWAudioBufferSoundChanger.mm; sourceTree = "<group>"; };
		E0331114266E230E005613A9 /* SoundTouchDemo.app */ = {isa = PBXFileReference; explicitFileType = wrapper.application; includeInIndex = 0; path = SoundTouchDemo.app; sourceTree = BUILT_PRODUCTS_DIR; };
		E0331117266E230E005613A9 /* AppDelegate.swift */ = {isa = PBXFileReference; lastKnownFileType = sourcecode.swift; path = AppDelegate.swift; sourceTree = "<group>"; };
		E0331119266E230E005613A9 /* SceneDelegate.swift */ = {isa = PBXFileReference; lastKnownFileType = sourcecode.swift; path = SceneDelegate.swift; sourceTree = "<group>"; };
		E033111B266E230E005613A9 /* ViewController.swift */ = {isa = PBXFileReference; lastKnownFileType = sourcecode.swift; path = ViewController.swift; sourceTree = "<group>"; };
		E033111E266E230E005613A9 /* Base */ = {isa = PBXFileReference; lastKnownFileType = file.storyboard; name = Base; path = Base.lproj/Main.storyboard; sourceTree = "<group>"; };
		E0331120266E230F005613A9 /* Assets.xcassets */ = {isa = PBXFileReference; lastKnownFileType = folder.assetcatalog; path = Assets.xcassets; sourceTree = "<group>"; };
		E0331123266E230F005613A9 /* Base */ = {isa = PBXFileReference; lastKnownFileType = file.storyboard; name = Base; path = Base.lproj/LaunchScreen.storyboard; sourceTree = "<group>"; };
		E0331125266E230F005613A9 /* Info.plist */ = {isa = PBXFileReference; lastKnownFileType = text.plist.xml; path = Info.plist; sourceTree = "<group>"; };
		E033112D266E242A005613A9 /* SoundTouchDemo-Bridging-header.h */ = {isa = PBXFileReference; lastKnownFileType = sourcecode.c.h; path = "SoundTouchDemo-Bridging-header.h"; sourceTree = "<group>"; };
		E033112F266E25DD005613A9 /* libSoundTouch.a */ = {isa = PBXFileReference; lastKnownFileType = archive.ar; name = libSoundTouch.a; path = SoundTouchDemo/SoundTouch/libSoundTouch.a; sourceTree = "<group>"; };
		E033167C266F129E005613A9 /* AudioSoundChanger.swift */ = {isa = PBXFileReference; lastKnownFileType = sourcecode.swift; path = AudioSoundChanger.swift; sourceTree = "<group>"; };
		E0331AFE266F44E0005613A9 /* 123.m4a */ = {isa = PBXFileReference; lastKnownFileType = file; path = 123.m4a; sourceTree = "<group>"; };
/* End PBXFileReference section */

/* Begin PBXFrameworksBuildPhase section */
		E0331111266E230E005613A9 /* Frameworks */ = {
			isa = PBXFrameworksBuildPhase;
			buildActionMask = 2147483647;
			files = (
				E00E09A72670D1EE00C43AF1 /* libopencore-amrwb.a in Frameworks */,
				E00E09A82670D1EE00C43AF1 /* libopencore-amrnb.a in Frameworks */,
				E00E09A52670D1EE00C43AF1 /* libmp3lame.a in Frameworks */,
			);
			runOnlyForDeploymentPostprocessing = 0;
		};
/* End PBXFrameworksBuildPhase section */

/* Begin PBXGroup section */
		E00E09462670D1EE00C43AF1 /* SoundChanger */ = {
			isa = PBXGroup;
			children = (
				E00E09472670D1EE00C43AF1 /* SoundTouch */,
				E00E095F2670D1EE00C43AF1 /* AudioDecode */,
				E00E096C2670D1EE00C43AF1 /* XYWAudioBufferSoundChanger.h */,
				E00E096D2670D1EE00C43AF1 /* XYWVideoFileSoundChanger.h */,
				E00E096E2670D1EE00C43AF1 /* XYWAudioFileSoundChanger.h */,
				E00E096F2670D1EE00C43AF1 /* XYWSoundChanger.h */,
				E00E09702670D1EE00C43AF1 /* AudioSoundTouch */,
				E00E09782670D1EE00C43AF1 /* XYWAudioFileSoundChanger.m */,
				E00E09792670D1EE00C43AF1 /* AudioEncode */,
				E00E098F2670D1EE00C43AF1 /* XYWVideoFileSoundChanger.m */,
				E00E09902670D1EE00C43AF1 /* XYWAudioBufferSoundChanger.mm */,
			);
			path = SoundChanger;
			sourceTree = "<group>";
		};
		E00E09472670D1EE00C43AF1 /* SoundTouch */ = {
			isa = PBXGroup;
			children = (
				E00E09482670D1EE00C43AF1 /* TDStretch.cpp */,
				E00E09492670D1EE00C43AF1 /* FIFOSampleBuffer.h */,
				E00E094A2670D1EE00C43AF1 /* RateTransposer.cpp */,
				E00E094B2670D1EE00C43AF1 /* FIRFilter.h */,
				E00E094C2670D1EE00C43AF1 /* STTypes.h */,
				E00E094D2670D1EE00C43AF1 /* BPMDetect.cpp */,
				E00E094E2670D1EE00C43AF1 /* BPMDetect.h */,
				E00E094F2670D1EE00C43AF1 /* mmx_optimized.cpp */,
				E00E09502670D1EE00C43AF1 /* PeakFinder.h */,
				E00E09512670D1EE00C43AF1 /* FIRFilter.cpp */,
				E00E09522670D1EE00C43AF1 /* SoundTouch.h */,
				E00E09532670D1EE00C43AF1 /* soundtouch_config.h */,
				E00E09542670D1EE00C43AF1 /* FIFOSamplePipe.h */,
				E00E09552670D1EE00C43AF1 /* FIFOSampleBuffer.cpp */,
				E00E09562670D1EE00C43AF1 /* sse_optimized.cpp */,
				E00E09572670D1EE00C43AF1 /* AAFilter.h */,
				E00E09582670D1EE00C43AF1 /* cpu_detect_x86.cpp */,
				E00E09592670D1EE00C43AF1 /* RateTransposer.h */,
				E00E095A2670D1EE00C43AF1 /* PeakFinder.cpp */,
				E00E095B2670D1EE00C43AF1 /* TDStretch.h */,
				E00E095C2670D1EE00C43AF1 /* cpu_detect.h */,
				E00E095D2670D1EE00C43AF1 /* AAFilter.cpp */,
				E00E095E2670D1EE00C43AF1 /* SoundTouch.cpp */,
			);
			path = SoundTouch;
			sourceTree = "<group>";
		};
		E00E095F2670D1EE00C43AF1 /* AudioDecode */ = {
			isa = PBXGroup;
			children = (
				E00E09602670D1EE00C43AF1 /* CADebugger.h */,
				E00E09612670D1EE00C43AF1 /* CAStreamBasicDescription.h */,
				E00E09622670D1EE00C43AF1 /* AudioDecodeOperation.mm */,
				E00E09632670D1EE00C43AF1 /* AudioDecodeOperation.h */,
				E00E09642670D1EE00C43AF1 /* CADebugPrintf.h */,
				E00E09652670D1EE00C43AF1 /* CAXException.cpp */,
				E00E09662670D1EE00C43AF1 /* CAXException.h */,
				E00E09672670D1EE00C43AF1 /* CADebugMacros.h */,
				E00E09682670D1EE00C43AF1 /* CADebugPrintf.cpp */,
				E00E09692670D1EE00C43AF1 /* CAStreamBasicDescription.cpp */,
				E00E096A2670D1EE00C43AF1 /* CADebugger.cpp */,
				E00E096B2670D1EE00C43AF1 /* CAMath.h */,
			);
			path = AudioDecode;
			sourceTree = "<group>";
		};
		E00E09702670D1EE00C43AF1 /* AudioSoundTouch */ = {
			isa = PBXGroup;
			children = (
				E00E09712670D1EE00C43AF1 /* AudioDefine.h */,
				E00E09722670D1EE00C43AF1 /* AudioConvert.mm */,
				E00E09732670D1EE00C43AF1 /* AudioSoundTouchOperation.h */,
				E00E09742670D1EE00C43AF1 /* AudioSoundTouchOperation.mm */,
				E00E09752670D1EE00C43AF1 /* AudioConvert.h */,
				E00E09762670D1EE00C43AF1 /* WaveHeader.h */,
				E00E09772670D1EE00C43AF1 /* WaveHeader.cpp */,
			);
			path = AudioSoundTouch;
			sourceTree = "<group>";
		};
		E00E09792670D1EE00C43AF1 /* AudioEncode */ = {
			isa = PBXGroup;
			children = (
				E00E097A2670D1EE00C43AF1 /* AudioToMp3 */,
				E00E09802670D1EE00C43AF1 /* AudioToAmr */,
			);
			path = AudioEncode;
			sourceTree = "<group>";
		};
		E00E097A2670D1EE00C43AF1 /* AudioToMp3 */ = {
			isa = PBXGroup;
			children = (
				E00E097B2670D1EE00C43AF1 /* lame */,
				E00E097E2670D1EE00C43AF1 /* AudioEncodeOperation.h */,
				E00E097F2670D1EE00C43AF1 /* AudioEncodeOperation.m */,
			);
			path = AudioToMp3;
			sourceTree = "<group>";
		};
		E00E097B2670D1EE00C43AF1 /* lame */ = {
			isa = PBXGroup;
			children = (
				E00E097C2670D1EE00C43AF1 /* libmp3lame.a */,
				E00E097D2670D1EE00C43AF1 /* lame.h */,
			);
			path = lame;
			sourceTree = "<group>";
		};
		E00E09802670D1EE00C43AF1 /* AudioToAmr */ = {
			isa = PBXGroup;
			children = (
				E00E09812670D1EE00C43AF1 /* opencore-amrwb */,
				E00E09842670D1EE00C43AF1 /* lib */,
				E00E09872670D1EE00C43AF1 /* opencore-amrnb */,
				E00E098A2670D1EE00C43AF1 /* amrwapper */,
			);
			path = AudioToAmr;
			sourceTree = "<group>";
		};
		E00E09812670D1EE00C43AF1 /* opencore-amrwb */ = {
			isa = PBXGroup;
			children = (
				E00E09822670D1EE00C43AF1 /* if_rom.h */,
				E00E09832670D1EE00C43AF1 /* dec_if.h */,
			);
			path = "opencore-amrwb";
			sourceTree = "<group>";
		};
		E00E09842670D1EE00C43AF1 /* lib */ = {
			isa = PBXGroup;
			children = (
				E00E09852670D1EE00C43AF1 /* libopencore-amrwb.a */,
				E00E09862670D1EE00C43AF1 /* libopencore-amrnb.a */,
			);
			path = lib;
			sourceTree = "<group>";
		};
		E00E09872670D1EE00C43AF1 /* opencore-amrnb */ = {
			isa = PBXGroup;
			children = (
				E00E09882670D1EE00C43AF1 /* interf_dec.h */,
				E00E09892670D1EE00C43AF1 /* interf_enc.h */,
			);
			path = "opencore-amrnb";
			sourceTree = "<group>";
		};
		E00E098A2670D1EE00C43AF1 /* amrwapper */ = {
			isa = PBXGroup;
			children = (
				E00E098B2670D1EE00C43AF1 /* wav.mm */,
				E00E098C2670D1EE00C43AF1 /* amrFileCodec.mm */,
				E00E098D2670D1EE00C43AF1 /* amrFileCodec.h */,
				E00E098E2670D1EE00C43AF1 /* wav.h */,
			);
			path = amrwapper;
			sourceTree = "<group>";
		};
		E033110B266E230E005613A9 = {
			isa = PBXGroup;
			children = (
				E00E09462670D1EE00C43AF1 /* SoundChanger */,
				E0331116266E230E005613A9 /* SoundTouchDemo */,
				E0331115266E230E005613A9 /* Products */,
				E033112E266E25DD005613A9 /* Frameworks */,
			);
			sourceTree = "<group>";
		};
		E0331115266E230E005613A9 /* Products */ = {
			isa = PBXGroup;
			children = (
				E0331114266E230E005613A9 /* SoundTouchDemo.app */,
			);
			name = Products;
			sourceTree = "<group>";
		};
		E0331116266E230E005613A9 /* SoundTouchDemo */ = {
			isa = PBXGroup;
			children = (
				E0331117266E230E005613A9 /* AppDelegate.swift */,
				E0331119266E230E005613A9 /* SceneDelegate.swift */,
				E033111B266E230E005613A9 /* ViewController.swift */,
				E033167C266F129E005613A9 /* AudioSoundChanger.swift */,
				E033112D266E242A005613A9 /* SoundTouchDemo-Bridging-header.h */,
				E033111D266E230E005613A9 /* Main.storyboard */,
				E0331AFE266F44E0005613A9 /* 123.m4a */,
				E0331120266E230F005613A9 /* Assets.xcassets */,
				E0331122266E230F005613A9 /* LaunchScreen.storyboard */,
				E0331125266E230F005613A9 /* Info.plist */,
			);
			path = SoundTouchDemo;
			sourceTree = "<group>";
		};
		E033112E266E25DD005613A9 /* Frameworks */ = {
			isa = PBXGroup;
			children = (
				E033112F266E25DD005613A9 /* libSoundTouch.a */,
			);
			name = Frameworks;
			sourceTree = "<group>";
		};
/* End PBXGroup section */

/* Begin PBXNativeTarget section */
		E0331113266E230E005613A9 /* SoundTouchDemo */ = {
			isa = PBXNativeTarget;
			buildConfigurationList = E0331128266E230F005613A9 /* Build configuration list for PBXNativeTarget "SoundTouchDemo" */;
			buildPhases = (
				E0331110266E230E005613A9 /* Sources */,
				E0331111266E230E005613A9 /* Frameworks */,
				E0331112266E230E005613A9 /* Resources */,
			);
			buildRules = (
			);
			dependencies = (
			);
			name = SoundTouchDemo;
			productName = SoundTouchDemo;
			productReference = E0331114266E230E005613A9 /* SoundTouchDemo.app */;
			productType = "com.apple.product-type.application";
		};
/* End PBXNativeTarget section */

/* Begin PBXProject section */
		E033110C266E230E005613A9 /* Project object */ = {
			isa = PBXProject;
			attributes = {
				LastSwiftUpdateCheck = 1250;
				LastUpgradeCheck = 1250;
				TargetAttributes = {
					E0331113266E230E005613A9 = {
						CreatedOnToolsVersion = 12.5;
					};
				};
			};
			buildConfigurationList = E033110F266E230E005613A9 /* Build configuration list for PBXProject "SoundTouchDemo" */;
			compatibilityVersion = "Xcode 9.3";
			developmentRegion = en;
			hasScannedForEncodings = 0;
			knownRegions = (
				en,
				Base,
			);
			mainGroup = E033110B266E230E005613A9;
			productRefGroup = E0331115266E230E005613A9 /* Products */;
			projectDirPath = "";
			projectRoot = "";
			targets = (
				E0331113266E230E005613A9 /* SoundTouchDemo */,
			);
		};
/* End PBXProject section */

/* Begin PBXResourcesBuildPhase section */
		E0331112266E230E005613A9 /* Resources */ = {
			isa = PBXResourcesBuildPhase;
			buildActionMask = 2147483647;
			files = (
				E0331124266E230F005613A9 /* LaunchScreen.storyboard in Resources */,
				E0331AFF266F44E0005613A9 /* 123.m4a in Resources */,
				E0331121266E230F005613A9 /* Assets.xcassets in Resources */,
				E033111F266E230E005613A9 /* Main.storyboard in Resources */,
			);
			runOnlyForDeploymentPostprocessing = 0;
		};
/* End PBXResourcesBuildPhase section */

/* Begin PBXSourcesBuildPhase section */
		E0331110266E230E005613A9 /* Sources */ = {
			isa = PBXSourcesBuildPhase;
			buildActionMask = 2147483647;
			files = (
				E00E09A92670D1EE00C43AF1 /* wav.mm in Sources */,
				E00E09A12670D1EE00C43AF1 /* AudioConvert.mm in Sources */,
				E00E09A62670D1EE00C43AF1 /* AudioEncodeOperation.m in Sources */,
				E00E099E2670D1EE00C43AF1 /* CADebugPrintf.cpp in Sources */,
				E00E09992670D1EE00C43AF1 /* PeakFinder.cpp in Sources */,
				E00E09982670D1EE00C43AF1 /* cpu_detect_x86.cpp in Sources */,
				E00E09AA2670D1EE00C43AF1 /* amrFileCodec.mm in Sources */,
				E00E099B2670D1EE00C43AF1 /* SoundTouch.cpp in Sources */,
				E00E09952670D1EE00C43AF1 /* FIRFilter.cpp in Sources */,
				E00E09962670D1EE00C43AF1 /* FIFOSampleBuffer.cpp in Sources */,
				E00E09942670D1EE00C43AF1 /* mmx_optimized.cpp in Sources */,
				E00E09A42670D1EE00C43AF1 /* XYWAudioFileSoundChanger.m in Sources */,
				E00E099C2670D1EE00C43AF1 /* AudioDecodeOperation.mm in Sources */,
				E00E09AB2670D1EE00C43AF1 /* XYWVideoFileSoundChanger.m in Sources */,
				E033111C266E230E005613A9 /* ViewController.swift in Sources */,
				E00E09972670D1EE00C43AF1 /* sse_optimized.cpp in Sources */,
				E00E099A2670D1EE00C43AF1 /* AAFilter.cpp in Sources */,
				E0331118266E230E005613A9 /* AppDelegate.swift in Sources */,
				E00E099F2670D1EE00C43AF1 /* CAStreamBasicDescription.cpp in Sources */,
				E00E09912670D1EE00C43AF1 /* TDStretch.cpp in Sources */,
				E00E09A32670D1EE00C43AF1 /* WaveHeader.cpp in Sources */,
				E033111A266E230E005613A9 /* SceneDelegate.swift in Sources */,
				E00E099D2670D1EE00C43AF1 /* CAXException.cpp in Sources */,
				E00E09A02670D1EE00C43AF1 /* CADebugger.cpp in Sources */,
				E00E09922670D1EE00C43AF1 /* RateTransposer.cpp in Sources */,
				E033167D266F129E005613A9 /* AudioSoundChanger.swift in Sources */,
				E00E09A22670D1EE00C43AF1 /* AudioSoundTouchOperation.mm in Sources */,
				E00E09AC2670D1EE00C43AF1 /* XYWAudioBufferSoundChanger.mm in Sources */,
				E00E09932670D1EE00C43AF1 /* BPMDetect.cpp in Sources */,
			);
			runOnlyForDeploymentPostprocessing = 0;
		};
/* End PBXSourcesBuildPhase section */

/* Begin PBXVariantGroup section */
		E033111D266E230E005613A9 /* Main.storyboard */ = {
			isa = PBXVariantGroup;
			children = (
				E033111E266E230E005613A9 /* Base */,
			);
			name = Main.storyboard;
			sourceTree = "<group>";
		};
		E0331122266E230F005613A9 /* LaunchScreen.storyboard */ = {
			isa = PBXVariantGroup;
			children = (
				E0331123266E230F005613A9 /* Base */,
			);
			name = LaunchScreen.storyboard;
			sourceTree = "<group>";
		};
/* End PBXVariantGroup section */

/* Begin XCBuildConfiguration section */
		E0331126266E230F005613A9 /* Debug */ = {
			isa = XCBuildConfiguration;
			buildSettings = {
				ALWAYS_SEARCH_USER_PATHS = NO;
				CLANG_ANALYZER_NONNULL = YES;
				CLANG_ANALYZER_NUMBER_OBJECT_CONVERSION = YES_AGGRESSIVE;
				CLANG_CXX_LANGUAGE_STANDARD = "gnu++14";
				CLANG_CXX_LIBRARY = "libc++";
				CLANG_ENABLE_MODULES = YES;
				CLANG_ENABLE_OBJC_ARC = YES;
				CLANG_ENABLE_OBJC_WEAK = YES;
				CLANG_WARN_BLOCK_CAPTURE_AUTORELEASING = YES;
				CLANG_WARN_BOOL_CONVERSION = YES;
				CLANG_WARN_COMMA = YES;
				CLANG_WARN_CONSTANT_CONVERSION = YES;
				CLANG_WARN_DEPRECATED_OBJC_IMPLEMENTATIONS = YES;
				CLANG_WARN_DIRECT_OBJC_ISA_USAGE = YES_ERROR;
				CLANG_WARN_DOCUMENTATION_COMMENTS = YES;
				CLANG_WARN_EMPTY_BODY = YES;
				CLANG_WARN_ENUM_CONVERSION = YES;
				CLANG_WARN_INFINITE_RECURSION = YES;
				CLANG_WARN_INT_CONVERSION = YES;
				CLANG_WARN_NON_LITERAL_NULL_CONVERSION = YES;
				CLANG_WARN_OBJC_IMPLICIT_RETAIN_SELF = YES;
				CLANG_WARN_OBJC_LITERAL_CONVERSION = YES;
				CLANG_WARN_OBJC_ROOT_CLASS = YES_ERROR;
				CLANG_WARN_QUOTED_INCLUDE_IN_FRAMEWORK_HEADER = YES;
				CLANG_WARN_RANGE_LOOP_ANALYSIS = YES;
				CLANG_WARN_STRICT_PROTOTYPES = YES;
				CLANG_WARN_SUSPICIOUS_MOVE = YES;
				CLANG_WARN_UNGUARDED_AVAILABILITY = YES_AGGRESSIVE;
				CLANG_WARN_UNREACHABLE_CODE = YES;
				CLANG_WARN__DUPLICATE_METHOD_MATCH = YES;
				COPY_PHASE_STRIP = NO;
				DEBUG_INFORMATION_FORMAT = dwarf;
				ENABLE_STRICT_OBJC_MSGSEND = YES;
				ENABLE_TESTABILITY = YES;
				GCC_C_LANGUAGE_STANDARD = gnu11;
				GCC_DYNAMIC_NO_PIC = NO;
				GCC_NO_COMMON_BLOCKS = YES;
				GCC_OPTIMIZATION_LEVEL = 0;
				GCC_PREPROCESSOR_DEFINITIONS = (
					"DEBUG=1",
					"$(inherited)",
				);
				GCC_WARN_64_TO_32_BIT_CONVERSION = YES;
				GCC_WARN_ABOUT_RETURN_TYPE = YES_ERROR;
				GCC_WARN_UNDECLARED_SELECTOR = YES;
				GCC_WARN_UNINITIALIZED_AUTOS = YES_AGGRESSIVE;
				GCC_WARN_UNUSED_FUNCTION = YES;
				GCC_WARN_UNUSED_VARIABLE = YES;
				IPHONEOS_DEPLOYMENT_TARGET = 14.5;
				MTL_ENABLE_DEBUG_INFO = INCLUDE_SOURCE;
				MTL_FAST_MATH = YES;
				ONLY_ACTIVE_ARCH = YES;
				SDKROOT = iphoneos;
				SWIFT_ACTIVE_COMPILATION_CONDITIONS = DEBUG;
				SWIFT_OPTIMIZATION_LEVEL = "-Onone";
			};
			name = Debug;
		};
		E0331127266E230F005613A9 /* Release */ = {
			isa = XCBuildConfiguration;
			buildSettings = {
				ALWAYS_SEARCH_USER_PATHS = NO;
				CLANG_ANALYZER_NONNULL = YES;
				CLANG_ANALYZER_NUMBER_OBJECT_CONVERSION = YES_AGGRESSIVE;
				CLANG_CXX_LANGUAGE_STANDARD = "gnu++14";
				CLANG_CXX_LIBRARY = "libc++";
				CLANG_ENABLE_MODULES = YES;
				CLANG_ENABLE_OBJC_ARC = YES;
				CLANG_ENABLE_OBJC_WEAK = YES;
				CLANG_WARN_BLOCK_CAPTURE_AUTORELEASING = YES;
				CLANG_WARN_BOOL_CONVERSION = YES;
				CLANG_WARN_COMMA = YES;
				CLANG_WARN_CONSTANT_CONVERSION = YES;
				CLANG_WARN_DEPRECATED_OBJC_IMPLEMENTATIONS = YES;
				CLANG_WARN_DIRECT_OBJC_ISA_USAGE = YES_ERROR;
				CLANG_WARN_DOCUMENTATION_COMMENTS = YES;
				CLANG_WARN_EMPTY_BODY = YES;
				CLANG_WARN_ENUM_CONVERSION = YES;
				CLANG_WARN_INFINITE_RECURSION = YES;
				CLANG_WARN_INT_CONVERSION = YES;
				CLANG_WARN_NON_LITERAL_NULL_CONVERSION = YES;
				CLANG_WARN_OBJC_IMPLICIT_RETAIN_SELF = YES;
				CLANG_WARN_OBJC_LITERAL_CONVERSION = YES;
				CLANG_WARN_OBJC_ROOT_CLASS = YES_ERROR;
				CLANG_WARN_QUOTED_INCLUDE_IN_FRAMEWORK_HEADER = YES;
				CLANG_WARN_RANGE_LOOP_ANALYSIS = YES;
				CLANG_WARN_STRICT_PROTOTYPES = YES;
				CLANG_WARN_SUSPICIOUS_MOVE = YES;
				CLANG_WARN_UNGUARDED_AVAILABILITY = YES_AGGRESSIVE;
				CLANG_WARN_UNREACHABLE_CODE = YES;
				CLANG_WARN__DUPLICATE_METHOD_MATCH = YES;
				COPY_PHASE_STRIP = NO;
				DEBUG_INFORMATION_FORMAT = "dwarf-with-dsym";
				ENABLE_NS_ASSERTIONS = NO;
				ENABLE_STRICT_OBJC_MSGSEND = YES;
				GCC_C_LANGUAGE_STANDARD = gnu11;
				GCC_NO_COMMON_BLOCKS = YES;
				GCC_WARN_64_TO_32_BIT_CONVERSION = YES;
				GCC_WARN_ABOUT_RETURN_TYPE = YES_ERROR;
				GCC_WARN_UNDECLARED_SELECTOR = YES;
				GCC_WARN_UNINITIALIZED_AUTOS = YES_AGGRESSIVE;
				GCC_WARN_UNUSED_FUNCTION = YES;
				GCC_WARN_UNUSED_VARIABLE = YES;
				IPHONEOS_DEPLOYMENT_TARGET = 14.5;
				MTL_ENABLE_DEBUG_INFO = NO;
				MTL_FAST_MATH = YES;
				SDKROOT = iphoneos;
				SWIFT_COMPILATION_MODE = wholemodule;
				SWIFT_OPTIMIZATION_LEVEL = "-O";
				VALIDATE_PRODUCT = YES;
			};
			name = Release;
		};
		E0331129266E230F005613A9 /* Debug */ = {
			isa = XCBuildConfiguration;
			buildSettings = {
				ASSETCATALOG_COMPILER_APPICON_NAME = AppIcon;
				ASSETCATALOG_COMPILER_GLOBAL_ACCENT_COLOR_NAME = AccentColor;
				CODE_SIGN_STYLE = Automatic;
				DEVELOPMENT_TEAM = 5NU9S58W2U;
				ENABLE_BITCODE = NO;
				HEADER_SEARCH_PATHS = "$(PROJECT_DIR)/SoundTouch/";
				INFOPLIST_FILE = SoundTouchDemo/Info.plist;
				LD_RUNPATH_SEARCH_PATHS = (
					"$(inherited)",
					"@executable_path/Frameworks",
				);
				LIBRARY_SEARCH_PATHS = (
					"$(inherited)",
					"$(PROJECT_DIR)/Classes/AudioEncode/AudioToMp3/lame",
					"$(PROJECT_DIR)/Classes/AudioEncode/AudioToAmr/lib",
					"$(PROJECT_DIR)/SoundChanger/AudioEncode/AudioToMp3/lame",
					"$(PROJECT_DIR)/SoundChanger/AudioEncode/AudioToAmr/lib",
				);
				PRODUCT_BUNDLE_IDENTIFIER = com.roni.SoundTouchDemo;
				PRODUCT_NAME = "$(TARGET_NAME)";
				SWIFT_INCLUDE_PATHS = "";
				SWIFT_OBJC_BRIDGING_HEADER = "SoundTouchDemo/SoundTouchDemo-Bridging-header.h";
				SWIFT_VERSION = 5.0;
				TARGETED_DEVICE_FAMILY = "1,2";
				USER_HEADER_SEARCH_PATHS = "${SRCROOT}/**";
			};
			name = Debug;
		};
		E033112A266E230F005613A9 /* Release */ = {
			isa = XCBuildConfiguration;
			buildSettings = {
				ASSETCATALOG_COMPILER_APPICON_NAME = AppIcon;
				ASSETCATALOG_COMPILER_GLOBAL_ACCENT_COLOR_NAME = AccentColor;
				CODE_SIGN_STYLE = Automatic;
				DEVELOPMENT_TEAM = 5NU9S58W2U;
				ENABLE_BITCODE = NO;
				HEADER_SEARCH_PATHS = "$(PROJECT_DIR)/SoundTouch/";
				INFOPLIST_FILE = SoundTouchDemo/Info.plist;
				LD_RUNPATH_SEARCH_PATHS = (
					"$(inherited)",
					"@executable_path/Frameworks",
				);
				LIBRARY_SEARCH_PATHS = (
					"$(inherited)",
					"$(PROJECT_DIR)/Classes/AudioEncode/AudioToMp3/lame",
					"$(PROJECT_DIR)/Classes/AudioEncode/AudioToAmr/lib",
					"$(PROJECT_DIR)/SoundChanger/AudioEncode/AudioToMp3/lame",
					"$(PROJECT_DIR)/SoundChanger/AudioEncode/AudioToAmr/lib",
				);
				PRODUCT_BUNDLE_IDENTIFIER = com.roni.SoundTouchDemo;
				PRODUCT_NAME = "$(TARGET_NAME)";
				SWIFT_INCLUDE_PATHS = "";
				SWIFT_OBJC_BRIDGING_HEADER = "SoundTouchDemo/SoundTouchDemo-Bridging-header.h";
				SWIFT_VERSION = 5.0;
				TARGETED_DEVICE_FAMILY = "1,2";
				USER_HEADER_SEARCH_PATHS = "${SRCROOT}/**";
			};
			name = Release;
		};
/* End XCBuildConfiguration section */

/* Begin XCConfigurationList section */
		E033110F266E230E005613A9 /* Build configuration list for PBXProject "SoundTouchDemo" */ = {
			isa = XCConfigurationList;
			buildConfigurations = (
				E0331126266E230F005613A9 /* Debug */,
				E0331127266E230F005613A9 /* Release */,
			);
			defaultConfigurationIsVisible = 0;
			defaultConfigurationName = Release;
		};
		E0331128266E230F005613A9 /* Build configuration list for PBXNativeTarget "SoundTouchDemo" */ = {
			isa = XCConfigurationList;
			buildConfigurations = (
				E0331129266E230F005613A9 /* Debug */,
				E033112A266E230F005613A9 /* Release */,
			);
			defaultConfigurationIsVisible = 0;
			defaultConfigurationName = Release;
		};
/* End XCConfigurationList section */
	};
	rootObject = E033110C266E230E005613A9 /* Project object */;
}
